{
  "name": "github-repo",
  "version": "1.0.0",
  "lockfileVersion": 3,
  "requires": true,
  "packages": {
    "": {
      "name": "github-repo",
      "version": "1.0.0",
      "license": "ISC",
      "dependencies": {
        "stopword": "^3.1.3"
      }
    },
    "node_modules/stopword": {
      "version": "3.1.3",
      "resolved": "https://registry.npmjs.org/stopword/-/stopword-3.1.3.tgz",
      "integrity": "sha512-KkWHAzBQkZM/pMyruHbNGMLKYAAP5bX7Z75iD5/rpmuS8gWE8XtUf83mUqrjDMj9CtUfHRLT+LCGFowtMWa1Hw==",
      "license": "MIT"
    }
  }
}
